// !$*UTF8*$!
{
	archiveVersion = 1;
	classes = {
	};
	objectVersion = 50;
	objects = {

/* Begin PBXBuildFile section */
		11ABB83427B436830027BFBD /* AppDelegate.swift in Sources */ = {isa = PBXBuildFile; fileRef = 11ABB83327B436830027BFBD /* AppDelegate.swift */; };
		11ABB83627B436830027BFBD /* SceneDelegate.swift in Sources */ = {isa = PBXBuildFile; fileRef = 11ABB83527B436830027BFBD /* SceneDelegate.swift */; };
		11ABB83B27B436830027BFBD /* Main.storyboard in Resources */ = {isa = PBXBuildFile; fileRef = 11ABB83927B436830027BFBD /* Main.storyboard */; };
		11ABB83D27B4368C0027BFBD /* Assets.xcassets in Resources */ = {isa = PBXBuildFile; fileRef = 11ABB83C27B4368C0027BFBD /* Assets.xcassets */; };
		11ABB84027B4368C0027BFBD /* LaunchScreen.storyboard in Resources */ = {isa = PBXBuildFile; fileRef = 11ABB83E27B4368C0027BFBD /* LaunchScreen.storyboard */; };
		11ABB84B27B436EC0027BFBD /* NewsTableViewController.swift in Sources */ = {isa = PBXBuildFile; fileRef = 11ABB84A27B436EC0027BFBD /* NewsTableViewController.swift */; };
		11ABB84F27B437C50027BFBD /* NewsData.swift in Sources */ = {isa = PBXBuildFile; fileRef = 11ABB84E27B437C50027BFBD /* NewsData.swift */; };
		11ABCD0027B44B1900D269FF /* DetailedNewsViewController.swift in Sources */ = {isa = PBXBuildFile; fileRef = 11ABCCFF27B44B1900D269FF /* DetailedNewsViewController.swift */; };
		11ABCD0327B48E5D00D269FF /* NetworkManager.swift in Sources */ = {isa = PBXBuildFile; fileRef = 11ABCD0227B48E5D00D269FF /* NetworkManager.swift */; };
		11ABCD1027B5390A00D269FF /* MainViewController.swift in Sources */ = {isa = PBXBuildFile; fileRef = 11ABCD0F27B5390A00D269FF /* MainViewController.swift */; };
/* End PBXBuildFile section */

/* Begin PBXFileReference section */
		11ABB83027B436830027BFBD /* NewsApp.app */ = {isa = PBXFileReference; explicitFileType = wrapper.application; includeInIndex = 0; path = NewsApp.app; sourceTree = BUILT_PRODUCTS_DIR; };
		11ABB83327B436830027BFBD /* AppDelegate.swift */ = {isa = PBXFileReference; lastKnownFileType = sourcecode.swift; path = AppDelegate.swift; sourceTree = "<group>"; };
		11ABB83527B436830027BFBD /* SceneDelegate.swift */ = {isa = PBXFileReference; lastKnownFileType = sourcecode.swift; path = SceneDelegate.swift; sourceTree = "<group>"; };
		11ABB83A27B436830027BFBD /* Base */ = {isa = PBXFileReference; lastKnownFileType = file.storyboard; name = Base; path = Base.lproj/Main.storyboard; sourceTree = "<group>"; };
		11ABB83C27B4368C0027BFBD /* Assets.xcassets */ = {isa = PBXFileReference; lastKnownFileType = folder.assetcatalog; path = Assets.xcassets; sourceTree = "<group>"; };
		11ABB83F27B4368C0027BFBD /* Base */ = {isa = PBXFileReference; lastKnownFileType = file.storyboard; name = Base; path = Base.lproj/LaunchScreen.storyboard; sourceTree = "<group>"; };
		11ABB84127B4368C0027BFBD /* Info.plist */ = {isa = PBXFileReference; lastKnownFileType = text.plist.xml; path = Info.plist; sourceTree = "<group>"; };
		11ABB84A27B436EC0027BFBD /* NewsTableViewController.swift */ = {isa = PBXFileReference; lastKnownFileType = sourcecode.swift; path = NewsTableViewController.swift; sourceTree = "<group>"; };
		11ABB84E27B437C50027BFBD /* NewsData.swift */ = {isa = PBXFileReference; lastKnownFileType = sourcecode.swift; path = NewsData.swift; sourceTree = "<group>"; };
		11ABCCFF27B44B1900D269FF /* DetailedNewsViewController.swift */ = {isa = PBXFileReference; lastKnownFileType = sourcecode.swift; path = DetailedNewsViewController.swift; sourceTree = "<group>"; };
		11ABCD0227B48E5D00D269FF /* NetworkManager.swift */ = {isa = PBXFileReference; lastKnownFileType = sourcecode.swift; path = NetworkManager.swift; sourceTree = "<group>"; };
		11ABCD0F27B5390A00D269FF /* MainViewController.swift */ = {isa = PBXFileReference; lastKnownFileType = sourcecode.swift; name = MainViewController.swift; path = NewsApp/ViewControllers/MainViewController.swift; sourceTree = SOURCE_ROOT; };
/* End PBXFileReference section */

/* Begin PBXFrameworksBuildPhase section */
		11ABB82D27B436830027BFBD /* Frameworks */ = {
			isa = PBXFrameworksBuildPhase;
			buildActionMask = 2147483647;
			files = (
			);
			runOnlyForDeploymentPostprocessing = 0;
		};
/* End PBXFrameworksBuildPhase section */

/* Begin PBXGroup section */
		11ABB82727B436830027BFBD = {
			isa = PBXGroup;
			children = (
				11ABB83227B436830027BFBD /* NewsApp */,
				11ABB83127B436830027BFBD /* Products */,
			);
			sourceTree = "<group>";
		};
		11ABB83127B436830027BFBD /* Products */ = {
			isa = PBXGroup;
			children = (
				11ABB83027B436830027BFBD /* NewsApp.app */,
			);
			name = Products;
			sourceTree = "<group>";
		};
		11ABB83227B436830027BFBD /* NewsApp */ = {
			isa = PBXGroup;
			children = (
				11ABCD0927B52F7800D269FF /* ViewControllers */,
				11ABCD0C27B52FAB00D269FF /* Storyboards */,
				11ABCD0827B52F6700D269FF /* Services */,
				11ABCD0727B52F5E00D269FF /* Models */,
				11ABCD0527B52F3E00D269FF /* App */,
				11ABCD0D27B52FBA00D269FF /* Resources */,
			);
			path = NewsApp;
			sourceTree = "<group>";
		};
		11ABCD0527B52F3E00D269FF /* App */ = {
			isa = PBXGroup;
			children = (
				11ABB83327B436830027BFBD /* AppDelegate.swift */,
				11ABB83527B436830027BFBD /* SceneDelegate.swift */,
				11ABB84127B4368C0027BFBD /* Info.plist */,
			);
			path = App;
			sourceTree = "<group>";
		};
		11ABCD0727B52F5E00D269FF /* Models */ = {
			isa = PBXGroup;
			children = (
				11ABB84E27B437C50027BFBD /* NewsData.swift */,
			);
			path = Models;
			sourceTree = "<group>";
		};
		11ABCD0827B52F6700D269FF /* Services */ = {
			isa = PBXGroup;
			children = (
				11ABCD0227B48E5D00D269FF /* NetworkManager.swift */,
			);
			path = Services;
			sourceTree = "<group>";
		};
		11ABCD0927B52F7800D269FF /* ViewControllers */ = {
			isa = PBXGroup;
			children = (
				11ABCCFF27B44B1900D269FF /* DetailedNewsViewController.swift */,
				11ABCD0F27B5390A00D269FF /* MainViewController.swift */,
				11ABB84A27B436EC0027BFBD /* NewsTableViewController.swift */,
			);
			path = ViewControllers;
			sourceTree = "<group>";
		};
		11ABCD0C27B52FAB00D269FF /* Storyboards */ = {
			isa = PBXGroup;
			children = (
				11ABB83927B436830027BFBD /* Main.storyboard */,
				11ABB83E27B4368C0027BFBD /* LaunchScreen.storyboard */,
			);
			path = Storyboards;
			sourceTree = "<group>";
		};
		11ABCD0D27B52FBA00D269FF /* Resources */ = {
			isa = PBXGroup;
			children = (
				11ABB83C27B4368C0027BFBD /* Assets.xcassets */,
			);
			path = Resources;
			sourceTree = "<group>";
		};
/* End PBXGroup section */

/* Begin PBXNativeTarget section */
		11ABB82F27B436830027BFBD /* NewsApp */ = {
			isa = PBXNativeTarget;
			buildConfigurationList = 11ABB84427B4368C0027BFBD /* Build configuration list for PBXNativeTarget "NewsApp" */;
			buildPhases = (
				11ABB82C27B436830027BFBD /* Sources */,
				11ABB82D27B436830027BFBD /* Frameworks */,
				11ABB82E27B436830027BFBD /* Resources */,
			);
			buildRules = (
			);
			dependencies = (
			);
			name = NewsApp;
			productName = NewsApp;
			productReference = 11ABB83027B436830027BFBD /* NewsApp.app */;
			productType = "com.apple.product-type.application";
		};
/* End PBXNativeTarget section */

/* Begin PBXProject section */
		11ABB82827B436830027BFBD /* Project object */ = {
			isa = PBXProject;
			attributes = {
				LastSwiftUpdateCheck = 1230;
				LastUpgradeCheck = 1230;
				TargetAttributes = {
					11ABB82F27B436830027BFBD = {
						CreatedOnToolsVersion = 12.3;
					};
				};
			};
			buildConfigurationList = 11ABB82B27B436830027BFBD /* Build configuration list for PBXProject "NewsApp" */;
			compatibilityVersion = "Xcode 9.3";
			developmentRegion = en;
			hasScannedForEncodings = 0;
			knownRegions = (
				en,
				Base,
			);
			mainGroup = 11ABB82727B436830027BFBD;
			productRefGroup = 11ABB83127B436830027BFBD /* Products */;
			projectDirPath = "";
			projectRoot = "";
			targets = (
				11ABB82F27B436830027BFBD /* NewsApp */,
			);
		};
/* End PBXProject section */

/* Begin PBXResourcesBuildPhase section */
		11ABB82E27B436830027BFBD /* Resources */ = {
			isa = PBXResourcesBuildPhase;
			buildActionMask = 2147483647;
			files = (
				11ABB84027B4368C0027BFBD /* LaunchScreen.storyboard in Resources */,
				11ABB83D27B4368C0027BFBD /* Assets.xcassets in Resources */,
				11ABB83B27B436830027BFBD /* Main.storyboard in Resources */,
			);
			runOnlyForDeploymentPostprocessing = 0;
		};
/* End PBXResourcesBuildPhase section */

/* Begin PBXSourcesBuildPhase section */
		11ABB82C27B436830027BFBD /* Sources */ = {
			isa = PBXSourcesBuildPhase;
			buildActionMask = 2147483647;
			files = (
				11ABCD1027B5390A00D269FF /* MainViewController.swift in Sources */,
				11ABCD0327B48E5D00D269FF /* NetworkManager.swift in Sources */,
				11ABB83427B436830027BFBD /* AppDelegate.swift in Sources */,
				11ABB84B27B436EC0027BFBD /* NewsTableViewController.swift in Sources */,
				11ABB84F27B437C50027BFBD /* NewsData.swift in Sources */,
				11ABCD0027B44B1900D269FF /* DetailedNewsViewController.swift in Sources */,
				11ABB83627B436830027BFBD /* SceneDelegate.swift in Sources */,
			);
			runOnlyForDeploymentPostprocessing = 0;
		};
/* End PBXSourcesBuildPhase section */

/* Begin PBXVariantGroup section */
		11ABB83927B436830027BFBD /* Main.storyboard */ = {
			isa = PBXVariantGroup;
			children = (
				11ABB83A27B436830027BFBD /* Base */,
			);
			name = Main.storyboard;
			sourceTree = "<group>";
		};
		11ABB83E27B4368C0027BFBD /* LaunchScreen.storyboard */ = {
			isa = PBXVariantGroup;
			children = (
				11ABB83F27B4368C0027BFBD /* Base */,
			);
			name = LaunchScreen.storyboard;
			sourceTree = "<group>";
		};
/* End PBXVariantGroup section */

/* Begin XCBuildConfiguration section */
		11ABB84227B4368C0027BFBD /* Debug */ = {
			isa = XCBuildConfiguration;
			buildSettings = {
				ALWAYS_SEARCH_USER_PATHS = NO;
				CLANG_ANALYZER_NONNULL = YES;
				CLANG_ANALYZER_NUMBER_OBJECT_CONVERSION = YES_AGGRESSIVE;
				CLANG_CXX_LANGUAGE_STANDARD = "gnu++14";
				CLANG_CXX_LIBRARY = "libc++";
				CLANG_ENABLE_MODULES = YES;
				CLANG_ENABLE_OBJC_ARC = YES;
				CLANG_ENABLE_OBJC_WEAK = YES;
				CLANG_WARN_BLOCK_CAPTURE_AUTORELEASING = YES;
				CLANG_WARN_BOOL_CONVERSION = YES;
				CLANG_WARN_COMMA = YES;
				CLANG_WARN_CONSTANT_CONVERSION = YES;
				CLANG_WARN_DEPRECATED_OBJC_IMPLEMENTATIONS = YES;
				CLANG_WARN_DIRECT_OBJC_ISA_USAGE = YES_ERROR;
				CLANG_WARN_DOCUMENTATION_COMMENTS = YES;
				CLANG_WARN_EMPTY_BODY = YES;
				CLANG_WARN_ENUM_CONVERSION = YES;
				CLANG_WARN_INFINITE_RECURSION = YES;
				CLANG_WARN_INT_CONVERSION = YES;
				CLANG_WARN_NON_LITERAL_NULL_CONVERSION = YES;
				CLANG_WARN_OBJC_IMPLICIT_RETAIN_SELF = YES;
				CLANG_WARN_OBJC_LITERAL_CONVERSION = YES;
				CLANG_WARN_OBJC_ROOT_CLASS = YES_ERROR;
				CLANG_WARN_QUOTED_INCLUDE_IN_FRAMEWORK_HEADER = YES;
				CLANG_WARN_RANGE_LOOP_ANALYSIS = YES;
				CLANG_WARN_STRICT_PROTOTYPES = YES;
				CLANG_WARN_SUSPICIOUS_MOVE = YES;
				CLANG_WARN_UNGUARDED_AVAILABILITY = YES_AGGRESSIVE;
				CLANG_WARN_UNREACHABLE_CODE = YES;
				CLANG_WARN__DUPLICATE_METHOD_MATCH = YES;
				COPY_PHASE_STRIP = NO;
				DEBUG_INFORMATION_FORMAT = dwarf;
				ENABLE_STRICT_OBJC_MSGSEND = YES;
				ENABLE_TESTABILITY = YES;
				GCC_C_LANGUAGE_STANDARD = gnu11;
				GCC_DYNAMIC_NO_PIC = NO;
				GCC_NO_COMMON_BLOCKS = YES;
				GCC_OPTIMIZATION_LEVEL = 0;
				GCC_PREPROCESSOR_DEFINITIONS = (
					"DEBUG=1",
					"$(inherited)",
				);
				GCC_WARN_64_TO_32_BIT_CONVERSION = YES;
				GCC_WARN_ABOUT_RETURN_TYPE = YES_ERROR;
				GCC_WARN_UNDECLARED_SELECTOR = YES;
				GCC_WARN_UNINITIALIZED_AUTOS = YES_AGGRESSIVE;
				GCC_WARN_UNUSED_FUNCTION = YES;
				GCC_WARN_UNUSED_VARIABLE = YES;
				IPHONEOS_DEPLOYMENT_TARGET = 14.3;
				MTL_ENABLE_DEBUG_INFO = INCLUDE_SOURCE;
				MTL_FAST_MATH = YES;
				ONLY_ACTIVE_ARCH = YES;
				SDKROOT = iphoneos;
				SWIFT_ACTIVE_COMPILATION_CONDITIONS = DEBUG;
				SWIFT_OPTIMIZATION_LEVEL = "-Onone";
			};
			name = Debug;
		};
		11ABB84327B4368C0027BFBD /* Release */ = {
			isa = XCBuildConfiguration;
			buildSettings = {
				ALWAYS_SEARCH_USER_PATHS = NO;
				CLANG_ANALYZER_NONNULL = YES;
				CLANG_ANALYZER_NUMBER_OBJECT_CONVERSION = YES_AGGRESSIVE;
				CLANG_CXX_LANGUAGE_STANDARD = "gnu++14";
				CLANG_CXX_LIBRARY = "libc++";
				CLANG_ENABLE_MODULES = YES;
				CLANG_ENABLE_OBJC_ARC = YES;
				CLANG_ENABLE_OBJC_WEAK = YES;
				CLANG_WARN_BLOCK_CAPTURE_AUTORELEASING = YES;
				CLANG_WARN_BOOL_CONVERSION = YES;
				CLANG_WARN_COMMA = YES;
				CLANG_WARN_CONSTANT_CONVERSION = YES;
				CLANG_WARN_DEPRECATED_OBJC_IMPLEMENTATIONS = YES;
				CLANG_WARN_DIRECT_OBJC_ISA_USAGE = YES_ERROR;
				CLANG_WARN_DOCUMENTATION_COMMENTS = YES;
				CLANG_WARN_EMPTY_BODY = YES;
				CLANG_WARN_ENUM_CONVERSION = YES;
				CLANG_WARN_INFINITE_RECURSION = YES;
				CLANG_WARN_INT_CONVERSION = YES;
				CLANG_WARN_NON_LITERAL_NULL_CONVERSION = YES;
				CLANG_WARN_OBJC_IMPLICIT_RETAIN_SELF = YES;
				CLANG_WARN_OBJC_LITERAL_CONVERSION = YES;
				CLANG_WARN_OBJC_ROOT_CLASS = YES_ERROR;
				CLANG_WARN_QUOTED_INCLUDE_IN_FRAMEWORK_HEADER = YES;
				CLANG_WARN_RANGE_LOOP_ANALYSIS = YES;
				CLANG_WARN_STRICT_PROTOTYPES = YES;
				CLANG_WARN_SUSPICIOUS_MOVE = YES;
				CLANG_WARN_UNGUARDED_AVAILABILITY = YES_AGGRESSIVE;
				CLANG_WARN_UNREACHABLE_CODE = YES;
				CLANG_WARN__DUPLICATE_METHOD_MATCH = YES;
				COPY_PHASE_STRIP = NO;
				DEBUG_INFORMATION_FORMAT = "dwarf-with-dsym";
				ENABLE_NS_ASSERTIONS = NO;
				ENABLE_STRICT_OBJC_MSGSEND = YES;
				GCC_C_LANGUAGE_STANDARD = gnu11;
				GCC_NO_COMMON_BLOCKS = YES;
				GCC_WARN_64_TO_32_BIT_CONVERSION = YES;
				GCC_WARN_ABOUT_RETURN_TYPE = YES_ERROR;
				GCC_WARN_UNDECLARED_SELECTOR = YES;
				GCC_WARN_UNINITIALIZED_AUTOS = YES_AGGRESSIVE;
				GCC_WARN_UNUSED_FUNCTION = YES;
				GCC_WARN_UNUSED_VARIABLE = YES;
				IPHONEOS_DEPLOYMENT_TARGET = 14.3;
				MTL_ENABLE_DEBUG_INFO = NO;
				MTL_FAST_MATH = YES;
				SDKROOT = iphoneos;
				SWIFT_COMPILATION_MODE = wholemodule;
				SWIFT_OPTIMIZATION_LEVEL = "-O";
				VALIDATE_PRODUCT = YES;
			};
			name = Release;
		};
		11ABB84527B4368C0027BFBD /* Debug */ = {
			isa = XCBuildConfiguration;
			buildSettings = {
				ASSETCATALOG_COMPILER_APPICON_NAME = AppIcon;
				ASSETCATALOG_COMPILER_GLOBAL_ACCENT_COLOR_NAME = AccentColor;
				CODE_SIGN_STYLE = Automatic;
				DEVELOPMENT_TEAM = Z7DXS499R9;
				INFOPLIST_FILE = NewsApp/App/Info.plist;
				LD_RUNPATH_SEARCH_PATHS = (
					"$(inherited)",
					"@executable_path/Frameworks",
				);
				PRODUCT_BUNDLE_IDENTIFIER = AlexanderIlyk.NewsApp;
				PRODUCT_NAME = "$(TARGET_NAME)";
				SWIFT_VERSION = 5.0;
				TARGETED_DEVICE_FAMILY = 1;
			};
			name = Debug;
		};
		11ABB84627B4368C0027BFBD /* Release */ = {
			isa = XCBuildConfiguration;
			buildSettings = {
				ASSETCATALOG_COMPILER_APPICON_NAME = AppIcon;
				ASSETCATALOG_COMPILER_GLOBAL_ACCENT_COLOR_NAME = AccentColor;
				CODE_SIGN_STYLE = Automatic;
				DEVELOPMENT_TEAM = Z7DXS499R9;
				INFOPLIST_FILE = NewsApp/App/Info.plist;
				LD_RUNPATH_SEARCH_PATHS = (
					"$(inherited)",
					"@executable_path/Frameworks",
				);
				PRODUCT_BUNDLE_IDENTIFIER = AlexanderIlyk.NewsApp;
				PRODUCT_NAME = "$(TARGET_NAME)";
				SWIFT_VERSION = 5.0;
				TARGETED_DEVICE_FAMILY = 1;
			};
			name = Release;
		};
/* End XCBuildConfiguration section */

/* Begin XCConfigurationList section */
		11ABB82B27B436830027BFBD /* Build configuration list for PBXProject "NewsApp" */ = {
			isa = XCConfigurationList;
			buildConfigurations = (
				11ABB84227B4368C0027BFBD /* Debug */,
				11ABB84327B4368C0027BFBD /* Release */,
			);
			defaultConfigurationIsVisible = 0;
			defaultConfigurationName = Release;
		};
		11ABB84427B4368C0027BFBD /* Build configuration list for PBXNativeTarget "NewsApp" */ = {
			isa = XCConfigurationList;
			buildConfigurations = (
				11ABB84527B4368C0027BFBD /* Debug */,
				11ABB84627B4368C0027BFBD /* Release */,
			);
			defaultConfigurationIsVisible = 0;
			defaultConfigurationName = Release;
		};
/* End XCConfigurationList section */
	};
	rootObject = 11ABB82827B436830027BFBD /* Project object */;
}
